// !$*UTF8*$!
{
	archiveVersion = 1;
	classes = {
	};
	objectVersion = 46;
	objects = {

/* Begin PBXBuildFile section */
		DDD99A4C1AC77BEA00C37452 /* BunnyEars2.h in Headers */ = {isa = PBXBuildFile; fileRef = DDD99A4B1AC77BEA00C37452 /* BunnyEars2.h */; };
		DDD99A4E1AC77BEA00C37452 /* BunnyEars2.m in Sources */ = {isa = PBXBuildFile; fileRef = DDD99A4D1AC77BEA00C37452 /* BunnyEars2.m */; };
		DDD99A541AC77BEB00C37452 /* libBunnyEars2.dylib in Frameworks */ = {isa = PBXBuildFile; fileRef = DDD99A481AC77BEA00C37452 /* libBunnyEars2.dylib */; };
/* End PBXBuildFile section */

/* Begin PBXContainerItemProxy section */
		DDD99A551AC77BEB00C37452 /* PBXContainerItemProxy */ = {
			isa = PBXContainerItemProxy;
			containerPortal = DDD99A401AC77BEA00C37452 /* Project object */;
			proxyType = 1;
			remoteGlobalIDString = DDD99A471AC77BEA00C37452;
			remoteInfo = BunnyEars2;
		};
/* End PBXContainerItemProxy section */

/* Begin PBXFileReference section */
		DDD99A481AC77BEA00C37452 /* libBunnyEars2.dylib */ = {isa = PBXFileReference; explicitFileType = "compiled.mach-o.dylib"; includeInIndex = 0; path = libBunnyEars2.dylib; sourceTree = BUILT_PRODUCTS_DIR; };
		DDD99A4B1AC77BEA00C37452 /* BunnyEars2.h */ = {isa = PBXFileReference; lastKnownFileType = sourcecode.c.h; path = BunnyEars2.h; sourceTree = "<group>"; };
		DDD99A4D1AC77BEA00C37452 /* BunnyEars2.m */ = {isa = PBXFileReference; lastKnownFileType = sourcecode.c.objc; path = BunnyEars2.m; sourceTree = "<group>"; };
		DDD99A531AC77BEB00C37452 /* BunnyEars2Tests.xctest */ = {isa = PBXFileReference; explicitFileType = wrapper.cfbundle; includeInIndex = 0; path = BunnyEars2Tests.xctest; sourceTree = BUILT_PRODUCTS_DIR; };
		DDD99A591AC77BEB00C37452 /* Info.plist */ = {isa = PBXFileReference; lastKnownFileType = text.plist.xml; path = Info.plist; sourceTree = "<group>"; };
/* End PBXFileReference section */

/* Begin PBXFrameworksBuildPhase section */
		DDD99A451AC77BEA00C37452 /* Frameworks */ = {
			isa = PBXFrameworksBuildPhase;
			buildActionMask = 2147483647;
			files = (
			);
			runOnlyForDeploymentPostprocessing = 0;
		};
		DDD99A501AC77BEB00C37452 /* Frameworks */ = {
			isa = PBXFrameworksBuildPhase;
			buildActionMask = 2147483647;
			files = (
				DDD99A541AC77BEB00C37452 /* libBunnyEars2.dylib in Frameworks */,
			);
			runOnlyForDeploymentPostprocessing = 0;
		};
/* End PBXFrameworksBuildPhase section */

/* Begin PBXGroup section */
		DDD99A3F1AC77BEA00C37452 = {
			isa = PBXGroup;
			children = (
				DDD99A4A1AC77BEA00C37452 /* BunnyEars2 */,
				DDD99A571AC77BEB00C37452 /* BunnyEars2Tests */,
				DDD99A491AC77BEA00C37452 /* Products */,
			);
			sourceTree = "<group>";
		};
		DDD99A491AC77BEA00C37452 /* Products */ = {
			isa = PBXGroup;
			children = (
				DDD99A481AC77BEA00C37452 /* libBunnyEars2.dylib */,
				DDD99A531AC77BEB00C37452 /* BunnyEars2Tests.xctest */,
			);
			name = Products;
			sourceTree = "<group>";
		};
		DDD99A4A1AC77BEA00C37452 /* BunnyEars2 */ = {
			isa = PBXGroup;
			children = (
				DDD99A4B1AC77BEA00C37452 /* BunnyEars2.h */,
				DDD99A4D1AC77BEA00C37452 /* BunnyEars2.m */,
			);
			path = BunnyEars2;
			sourceTree = "<group>";
		};
		DDD99A571AC77BEB00C37452 /* BunnyEars2Tests */ = {
			isa = PBXGroup;
			children = (
				DDD99A581AC77BEB00C37452 /* Supporting Files */,
			);
			path = BunnyEars2Tests;
			sourceTree = "<group>";
		};
		DDD99A581AC77BEB00C37452 /* Supporting Files */ = {
			isa = PBXGroup;
			children = (
				DDD99A591AC77BEB00C37452 /* Info.plist */,
			);
			name = "Supporting Files";
			sourceTree = "<group>";
		};
/* End PBXGroup section */

/* Begin PBXHeadersBuildPhase section */
		DDD99A461AC77BEA00C37452 /* Headers */ = {
			isa = PBXHeadersBuildPhase;
			buildActionMask = 2147483647;
			files = (
				DDD99A4C1AC77BEA00C37452 /* BunnyEars2.h in Headers */,
			);
			runOnlyForDeploymentPostprocessing = 0;
		};
/* End PBXHeadersBuildPhase section */

/* Begin PBXNativeTarget section */
		DDD99A471AC77BEA00C37452 /* BunnyEars2 */ = {
			isa = PBXNativeTarget;
			buildConfigurationList = DDD99A5C1AC77BEB00C37452 /* Build configuration list for PBXNativeTarget "BunnyEars2" */;
			buildPhases = (
				DDD99A441AC77BEA00C37452 /* Sources */,
				DDD99A451AC77BEA00C37452 /* Frameworks */,
				DDD99A461AC77BEA00C37452 /* Headers */,
			);
			buildRules = (
			);
			dependencies = (
			);
			name = BunnyEars2;
			productName = BunnyEars2;
			productReference = DDD99A481AC77BEA00C37452 /* libBunnyEars2.dylib */;
			productType = "com.apple.product-type.library.dynamic";
		};
		DDD99A521AC77BEB00C37452 /* BunnyEars2Tests */ = {
			isa = PBXNativeTarget;
			buildConfigurationList = DDD99A5F1AC77BEB00C37452 /* Build configuration list for PBXNativeTarget "BunnyEars2Tests" */;
			buildPhases = (
				DDD99A4F1AC77BEB00C37452 /* Sources */,
				DDD99A501AC77BEB00C37452 /* Frameworks */,
				DDD99A511AC77BEB00C37452 /* Resources */,
			);
			buildRules = (
			);
			dependencies = (
				DDD99A561AC77BEB00C37452 /* PBXTargetDependency */,
			);
			name = BunnyEars2Tests;
			productName = BunnyEars2Tests;
			productReference = DDD99A531AC77BEB00C37452 /* BunnyEars2Tests.xctest */;
			productType = "com.apple.product-type.bundle.unit-test";
		};
/* End PBXNativeTarget section */

/* Begin PBXProject section */
		DDD99A401AC77BEA00C37452 /* Project object */ = {
			isa = PBXProject;
			attributes = {
				LastUpgradeCheck = 0620;
				ORGANIZATIONNAME = com.DavisKoh;
				TargetAttributes = {
					DDD99A471AC77BEA00C37452 = {
						CreatedOnToolsVersion = 6.2;
					};
					DDD99A521AC77BEB00C37452 = {
						CreatedOnToolsVersion = 6.2;
					};
				};
			};
			buildConfigurationList = DDD99A431AC77BEA00C37452 /* Build configuration list for PBXProject "BunnyEars2" */;
			compatibilityVersion = "Xcode 3.2";
			developmentRegion = English;
			hasScannedForEncodings = 0;
			knownRegions = (
				en,
			);
			mainGroup = DDD99A3F1AC77BEA00C37452;
			productRefGroup = DDD99A491AC77BEA00C37452 /* Products */;
			projectDirPath = "";
			projectRoot = "";
			targets = (
				DDD99A471AC77BEA00C37452 /* BunnyEars2 */,
				DDD99A521AC77BEB00C37452 /* BunnyEars2Tests */,
			);
		};
/* End PBXProject section */

/* Begin PBXResourcesBuildPhase section */
		DDD99A511AC77BEB00C37452 /* Resources */ = {
			isa = PBXResourcesBuildPhase;
			buildActionMask = 2147483647;
			files = (
			);
			runOnlyForDeploymentPostprocessing = 0;
		};
/* End PBXResourcesBuildPhase section */

/* Begin PBXSourcesBuildPhase section */
		DDD99A441AC77BEA00C37452 /* Sources */ = {
			isa = PBXSourcesBuildPhase;
			buildActionMask = 2147483647;
			files = (
				DDD99A4E1AC77BEA00C37452 /* BunnyEars2.m in Sources */,
			);
			runOnlyForDeploymentPostprocessing = 0;
		};
		DDD99A4F1AC77BEB00C37452 /* Sources */ = {
			isa = PBXSourcesBuildPhase;
			buildActionMask = 2147483647;
			files = (
			);
			runOnlyForDeploymentPostprocessing = 0;
		};
/* End PBXSourcesBuildPhase section */

/* Begin PBXTargetDependency section */
		DDD99A561AC77BEB00C37452 /* PBXTargetDependency */ = {
			isa = PBXTargetDependency;
			target = DDD99A471AC77BEA00C37452 /* BunnyEars2 */;
			targetProxy = DDD99A551AC77BEB00C37452 /* PBXContainerItemProxy */;
		};
/* End PBXTargetDependency section */

/* Begin XCBuildConfiguration section */
		DDD99A5A1AC77BEB00C37452 /* Debug */ = {
			isa = XCBuildConfiguration;
			buildSettings = {
				ALWAYS_SEARCH_USER_PATHS = NO;
				CLANG_CXX_LANGUAGE_STANDARD = "gnu++0x";
				CLANG_CXX_LIBRARY = "libc++";
				CLANG_ENABLE_MODULES = YES;
				CLANG_ENABLE_OBJC_ARC = YES;
				CLANG_WARN_BOOL_CONVERSION = YES;
				CLANG_WARN_CONSTANT_CONVERSION = YES;
				CLANG_WARN_DIRECT_OBJC_ISA_USAGE = YES_ERROR;
				CLANG_WARN_EMPTY_BODY = YES;
				CLANG_WARN_ENUM_CONVERSION = YES;
				CLANG_WARN_INT_CONVERSION = YES;
				CLANG_WARN_OBJC_ROOT_CLASS = YES_ERROR;
				CLANG_WARN_UNREACHABLE_CODE = YES;
				CLANG_WARN__DUPLICATE_METHOD_MATCH = YES;
				COPY_PHASE_STRIP = NO;
				ENABLE_STRICT_OBJC_MSGSEND = YES;
				GCC_C_LANGUAGE_STANDARD = gnu99;
				GCC_DYNAMIC_NO_PIC = NO;
				GCC_OPTIMIZATION_LEVEL = 0;
				GCC_PREPROCESSOR_DEFINITIONS = (
					"DEBUG=1",
					"$(inherited)",
				);
				GCC_SYMBOLS_PRIVATE_EXTERN = NO;
				GCC_WARN_64_TO_32_BIT_CONVERSION = YES;
				GCC_WARN_ABOUT_RETURN_TYPE = YES_ERROR;
				GCC_WARN_UNDECLARED_SELECTOR = YES;
				GCC_WARN_UNINITIALIZED_AUTOS = YES_AGGRESSIVE;
				GCC_WARN_UNUSED_FUNCTION = YES;
				GCC_WARN_UNUSED_VARIABLE = YES;
				MACOSX_DEPLOYMENT_TARGET = 10.10;
				MTL_ENABLE_DEBUG_INFO = YES;
				ONLY_ACTIVE_ARCH = YES;
				SDKROOT = macosx;
			};
			name = Debug;
		};
		DDD99A5B1AC77BEB00C37452 /* Release */ = {
			isa = XCBuildConfiguration;
			buildSettings = {
				ALWAYS_SEARCH_USER_PATHS = NO;
				CLANG_CXX_LANGUAGE_STANDARD = "gnu++0x";
				CLANG_CXX_LIBRARY = "libc++";
				CLANG_ENABLE_MODULES = YES;
				CLANG_ENABLE_OBJC_ARC = YES;
				CLANG_WARN_BOOL_CONVERSION = YES;
				CLANG_WARN_CONSTANT_CONVERSION = YES;
				CLANG_WARN_DIRECT_OBJC_ISA_USAGE = YES_ERROR;
				CLANG_WARN_EMPTY_BODY = YES;
				CLANG_WARN_ENUM_CONVERSION = YES;
				CLANG_WARN_INT_CONVERSION = YES;
				CLANG_WARN_OBJC_ROOT_CLASS = YES_ERROR;
				CLANG_WARN_UNREACHABLE_CODE = YES;
				CLANG_WARN__DUPLICATE_METHOD_MATCH = YES;
				COPY_PHASE_STRIP = NO;
				DEBUG_INFORMATION_FORMAT = "dwarf-with-dsym";
				ENABLE_NS_ASSERTIONS = NO;
				ENABLE_STRICT_OBJC_MSGSEND = YES;
				GCC_C_LANGUAGE_STANDARD = gnu99;
				GCC_WARN_64_TO_32_BIT_CONVERSION = YES;
				GCC_WARN_ABOUT_RETURN_TYPE = YES_ERROR;
				GCC_WARN_UNDECLARED_SELECTOR = YES;
				GCC_WARN_UNINITIALIZED_AUTOS = YES_AGGRESSIVE;
				GCC_WARN_UNUSED_FUNCTION = YES;
				GCC_WARN_UNUSED_VARIABLE = YES;
				MACOSX_DEPLOYMENT_TARGET = 10.10;
				MTL_ENABLE_DEBUG_INFO = NO;
				SDKROOT = macosx;
			};
			name = Release;
		};
		DDD99A5D1AC77BEB00C37452 /* Debug */ = {
			isa = XCBuildConfiguration;
			buildSettings = {
				DYLIB_COMPATIBILITY_VERSION = 1;
				DYLIB_CURRENT_VERSION = 1;
				EXECUTABLE_PREFIX = lib;
				PRODUCT_NAME = "$(TARGET_NAME)";
			};
			name = Debug;
		};
		DDD99A5E1AC77BEB00C37452 /* Release */ = {
			isa = XCBuildConfiguration;
			buildSettings = {
				DYLIB_COMPATIBILITY_VERSION = 1;
				DYLIB_CURRENT_VERSION = 1;
				EXECUTABLE_PREFIX = lib;
				PRODUCT_NAME = "$(TARGET_NAME)";
			};
			name = Release;
		};
		DDD99A601AC77BEB00C37452 /* Debug */ = {
			isa = XCBuildConfiguration;
			buildSettings = {
				COMBINE_HIDPI_IMAGES = YES;
				FRAMEWORK_SEARCH_PATHS = (
					"$(DEVELOPER_FRAMEWORKS_DIR)",
					"$(inherited)",
				);
				GCC_PREPROCESSOR_DEFINITIONS = (
					"DEBUG=1",
					"$(inherited)",
				);
				INFOPLIST_FILE = BunnyEars2Tests/Info.plist;
				LD_RUNPATH_SEARCH_PATHS = "$(inherited) @executable_path/../Frameworks @loader_path/../Frameworks";
				PRODUCT_NAME = "$(TARGET_NAME)";
			};
			name = Debug;
		};
		DDD99A611AC77BEB00C37452 /* Release */ = {
			isa = XCBuildConfiguration;
			buildSettings = {
				COMBINE_HIDPI_IMAGES = YES;
				FRAMEWORK_SEARCH_PATHS = (
					"$(DEVELOPER_FRAMEWORKS_DIR)",
					"$(inherited)",
				);
				INFOPLIST_FILE = BunnyEars2Tests/Info.plist;
				LD_RUNPATH_SEARCH_PATHS = "$(inherited) @executable_path/../Frameworks @loader_path/../Frameworks";
				PRODUCT_NAME = "$(TARGET_NAME)";
			};
			name = Release;
		};
/* End XCBuildConfiguration section */

/* Begin XCConfigurationList section */
		DDD99A431AC77BEA00C37452 /* Build configuration list for PBXProject "BunnyEars2" */ = {
			isa = XCConfigurationList;
			buildConfigurations = (
				DDD99A5A1AC77BEB00C37452 /* Debug */,
				DDD99A5B1AC77BEB00C37452 /* Release */,
			);
			defaultConfigurationIsVisible = 0;
			defaultConfigurationName = Release;
		};
		DDD99A5C1AC77BEB00C37452 /* Build configuration list for PBXNativeTarget "BunnyEars2" */ = {
			isa = XCConfigurationList;
			buildConfigurations = (
				DDD99A5D1AC77BEB00C37452 /* Debug */,
				DDD99A5E1AC77BEB00C37452 /* Release */,
			);
			defaultConfigurationIsVisible = 0;
		};
		DDD99A5F1AC77BEB00C37452 /* Build configuration list for PBXNativeTarget "BunnyEars2Tests" */ = {
			isa = XCConfigurationList;
			buildConfigurations = (
				DDD99A601AC77BEB00C37452 /* Debug */,
				DDD99A611AC77BEB00C37452 /* Release */,
			);
			defaultConfigurationIsVisible = 0;
		};
/* End XCConfigurationList section */
	};
	rootObject = DDD99A401AC77BEA00C37452 /* Project object */;
}
